
Microsoft Visual Studio Solution File, Format Version 12.00
# Visual Studio 15
VisualStudioVersion = 15.0.28010.2019
MinimumVisualStudioVersion = 10.0.40219.1
Project("{FAE04EC0-301F-11D3-BF4B-00C04F79EFBC}") = "SQLiteTesting.Android", "SQLiteTesting\SQLiteTesting.Android\SQLiteTesting.Android.csproj", "{7961555E-B62F-4690-B67C-DD55110870E7}"
EndProject
Project("{FAE04EC0-301F-11D3-BF4B-00C04F79EFBC}") = "SQLiteTesting.iOS", "SQLiteTesting\SQLiteTesting.iOS\SQLiteTesting.iOS.csproj", "{7F55BF7C-9634-4EE6-9E36-329B6D3521E1}"
EndProject
Project("{FAE04EC0-301F-11D3-BF4B-00C04F79EFBC}") = "SQLiteTesting.UWP", "SQLiteTesting\SQLiteTesting.UWP\SQLiteTesting.UWP.csproj", "{A120AF07-0F5B-4E7F-AB16-AD5D08E24E67}"
EndProject
Project("{FAE04EC0-301F-11D3-BF4B-00C04F79EFBC}") = "SQLiteTesting", "SQLiteTesting\SQLiteTesting\SQLiteTesting.csproj", "{333CDC2E-54D7-412D-9056-7F4366096F8C}"
EndProject
Global
	GlobalSection(SolutionConfigurationPlatforms) = preSolution
		Ad-Hoc|Any CPU = Ad-Hoc|Any CPU
		Ad-Hoc|ARM = Ad-Hoc|ARM
		Ad-Hoc|iPhone = Ad-Hoc|iPhone
		Ad-Hoc|iPhoneSimulator = Ad-Hoc|iPhoneSimulator
		Ad-Hoc|x64 = Ad-Hoc|x64
		Ad-Hoc|x86 = Ad-Hoc|x86
		AppStore|Any CPU = AppStore|Any CPU
		AppStore|ARM = AppStore|ARM
		AppStore|iPhone = AppStore|iPhone
		AppStore|iPhoneSimulator = AppStore|iPhoneSimulator
		AppStore|x64 = AppStore|x64
		AppStore|x86 = AppStore|x86
		Debug|Any CPU = Debug|Any CPU
		Debug|ARM = Debug|ARM
		Debug|iPhone = Debug|iPhone
		Debug|iPhoneSimulator = Debug|iPhoneSimulator
		Debug|x64 = Debug|x64
		Debug|x86 = Debug|x86
		Release|Any CPU = Release|Any CPU
		Release|ARM = Release|ARM
		Release|iPhone = Release|iPhone
		Release|iPhoneSimulator = Release|iPhoneSimulator
		Release|x64 = Release|x64
		Release|x86 = Release|x86
	EndGlobalSection
	GlobalSection(ProjectConfigurationPlatforms) = postSolution
		{7961555E-B62F-4690-B67C-DD55110870E7}.Ad-Hoc|Any CPU.ActiveCfg = Release|Any CPU
		{7961555E-B62F-4690-B67C-DD55110870E7}.Ad-Hoc|Any CPU.Build.0 = Release|Any CPU
		{7961555E-B62F-4690-B67C-DD55110870E7}.Ad-Hoc|Any CPU.Deploy.0 = Release|Any CPU
		{7961555E-B62F-4690-B67C-DD55110870E7}.Ad-Hoc|ARM.ActiveCfg = Release|Any CPU
		{7961555E-B62F-4690-B67C-DD55110870E7}.Ad-Hoc|ARM.Build.0 = Release|Any CPU
		{7961555E-B62F-4690-B67C-DD55110870E7}.Ad-Hoc|ARM.Deploy.0 = Release|Any CPU
		{7961555E-B62F-4690-B67C-DD55110870E7}.Ad-Hoc|iPhone.ActiveCfg = Release|Any CPU
		{7961555E-B62F-4690-B67C-DD55110870E7}.Ad-Hoc|iPhone.Build.0 = Release|Any CPU
		{7961555E-B62F-4690-B67C-DD55110870E7}.Ad-Hoc|iPhone.Deploy.0 = Release|Any CPU
		{7961555E-B62F-4690-B67C-DD55110870E7}.Ad-Hoc|iPhoneSimulator.ActiveCfg = Release|Any CPU
		{7961555E-B62F-4690-B67C-DD55110870E7}.Ad-Hoc|iPhoneSimulator.Build.0 = Release|Any CPU
		{7961555E-B62F-4690-B67C-DD55110870E7}.Ad-Hoc|iPhoneSimulator.Deploy.0 = Release|Any CPU
		{7961555E-B62F-4690-B67C-DD55110870E7}.Ad-Hoc|x64.ActiveCfg = Release|Any CPU
		{7961555E-B62F-4690-B67C-DD55110870E7}.Ad-Hoc|x64.Build.0 = Release|Any CPU
		{7961555E-B62F-4690-B67C-DD55110870E7}.Ad-Hoc|x64.Deploy.0 = Release|Any CPU
		{7961555E-B62F-4690-B67C-DD55110870E7}.Ad-Hoc|x86.ActiveCfg = Release|Any CPU
		{7961555E-B62F-4690-B67C-DD55110870E7}.Ad-Hoc|x86.Build.0 = Release|Any CPU
		{7961555E-B62F-4690-B67C-DD55110870E7}.Ad-Hoc|x86.Deploy.0 = Release|Any CPU
		{7961555E-B62F-4690-B67C-DD55110870E7}.AppStore|Any CPU.ActiveCfg = Release|Any CPU
		{7961555E-B62F-4690-B67C-DD55110870E7}.AppStore|Any CPU.Build.0 = Release|Any CPU
		{7961555E-B62F-4690-B67C-DD55110870E7}.AppStore|Any CPU.Deploy.0 = Release|Any CPU
		{7961555E-B62F-4690-B67C-DD55110870E7}.AppStore|ARM.ActiveCfg = Release|Any CPU
		{7961555E-B62F-4690-B67C-DD55110870E7}.AppStore|ARM.Build.0 = Release|Any CPU
		{7961555E-B62F-4690-B67C-DD55110870E7}.AppStore|ARM.Deploy.0 = Release|Any CPU
		{7961555E-B62F-4690-B67C-DD55110870E7}.AppStore|iPhone.ActiveCfg = Release|Any CPU
		{7961555E-B62F-4690-B67C-DD55110870E7}.AppStore|iPhone.Build.0 = Release|Any CPU
		{7961555E-B62F-4690-B67C-DD55110870E7}.AppStore|iPhone.Deploy.0 = Release|Any CPU
		{7961555E-B62F-4690-B67C-DD55110870E7}.AppStore|iPhoneSimulator.ActiveCfg = Release|Any CPU
		{7961555E-B62F-4690-B67C-DD55110870E7}.AppStore|iPhoneSimulator.Build.0 = Release|Any CPU
		{7961555E-B62F-4690-B67C-DD55110870E7}.AppStore|iPhoneSimulator.Deploy.0 = Release|Any CPU
		{7961555E-B62F-4690-B67C-DD55110870E7}.AppStore|x64.ActiveCfg = Release|Any CPU
		{7961555E-B62F-4690-B67C-DD55110870E7}.AppStore|x64.Build.0 = Release|Any CPU
		{7961555E-B62F-4690-B67C-DD55110870E7}.AppStore|x64.Deploy.0 = Release|Any CPU
		{7961555E-B62F-4690-B67C-DD55110870E7}.AppStore|x86.ActiveCfg = Release|Any CPU
		{7961555E-B62F-4690-B67C-DD55110870E7}.AppStore|x86.Build.0 = Release|Any CPU
		{7961555E-B62F-4690-B67C-DD55110870E7}.AppStore|x86.Deploy.0 = Release|Any CPU
		{7961555E-B62F-4690-B67C-DD55110870E7}.Debug|Any CPU.ActiveCfg = Debug|Any CPU
		{7961555E-B62F-4690-B67C-DD55110870E7}.Debug|Any CPU.Build.0 = Debug|Any CPU
		{7961555E-B62F-4690-B67C-DD55110870E7}.Debug|Any CPU.Deploy.0 = Debug|Any CPU
		{7961555E-B62F-4690-B67C-DD55110870E7}.Debug|ARM.ActiveCfg = Debug|Any CPU
		{7961555E-B62F-4690-B67C-DD55110870E7}.Debug|ARM.Build.0 = Debug|Any CPU
		{7961555E-B62F-4690-B67C-DD55110870E7}.Debug|ARM.Deploy.0 = Debug|Any CPU
		{7961555E-B62F-4690-B67C-DD55110870E7}.Debug|iPhone.ActiveCfg = Debug|Any CPU
		{7961555E-B62F-4690-B67C-DD55110870E7}.Debug|iPhone.Build.0 = Debug|Any CPU
		{7961555E-B62F-4690-B67C-DD55110870E7}.Debug|iPhone.Deploy.0 = Debug|Any CPU
		{7961555E-B62F-4690-B67C-DD55110870E7}.Debug|iPhoneSimulator.ActiveCfg = Debug|Any CPU
		{7961555E-B62F-4690-B67C-DD55110870E7}.Debug|iPhoneSimulator.Build.0 = Debug|Any CPU
		{7961555E-B62F-4690-B67C-DD55110870E7}.Debug|iPhoneSimulator.Deploy.0 = Debug|Any CPU
		{7961555E-B62F-4690-B67C-DD55110870E7}.Debug|x64.ActiveCfg = Debug|Any CPU
		{7961555E-B62F-4690-B67C-DD55110870E7}.Debug|x64.Build.0 = Debug|Any CPU
		{7961555E-B62F-4690-B67C-DD55110870E7}.Debug|x64.Deploy.0 = Debug|Any CPU
		{7961555E-B62F-4690-B67C-DD55110870E7}.Debug|x86.ActiveCfg = Debug|Any CPU
		{7961555E-B62F-4690-B67C-DD55110870E7}.Debug|x86.Build.0 = Debug|Any CPU
		{7961555E-B62F-4690-B67C-DD55110870E7}.Debug|x86.Deploy.0 = Debug|Any CPU
		{7961555E-B62F-4690-B67C-DD55110870E7}.Release|Any CPU.ActiveCfg = Release|Any CPU
		{7961555E-B62F-4690-B67C-DD55110870E7}.Release|Any CPU.Build.0 = Release|Any CPU
		{7961555E-B62F-4690-B67C-DD55110870E7}.Release|Any CPU.Deploy.0 = Release|Any CPU
		{7961555E-B62F-4690-B67C-DD55110870E7}.Release|ARM.ActiveCfg = Release|Any CPU
		{7961555E-B62F-4690-B67C-DD55110870E7}.Release|ARM.Build.0 = Release|Any CPU
		{7961555E-B62F-4690-B67C-DD55110870E7}.Release|ARM.Deploy.0 = Release|Any CPU
		{7961555E-B62F-4690-B67C-DD55110870E7}.Release|iPhone.ActiveCfg = Release|Any CPU
		{7961555E-B62F-4690-B67C-DD55110870E7}.Release|iPhone.Build.0 = Release|Any CPU
		{7961555E-B62F-4690-B67C-DD55110870E7}.Release|iPhone.Deploy.0 = Release|Any CPU
		{7961555E-B62F-4690-B67C-DD55110870E7}.Release|iPhoneSimulator.ActiveCfg = Release|Any CPU
		{7961555E-B62F-4690-B67C-DD55110870E7}.Release|iPhoneSimulator.Build.0 = Release|Any CPU
		{7961555E-B62F-4690-B67C-DD55110870E7}.Release|iPhoneSimulator.Deploy.0 = Release|Any CPU
		{7961555E-B62F-4690-B67C-DD55110870E7}.Release|x64.ActiveCfg = Release|Any CPU
		{7961555E-B62F-4690-B67C-DD55110870E7}.Release|x64.Build.0 = Release|Any CPU
		{7961555E-B62F-4690-B67C-DD55110870E7}.Release|x64.Deploy.0 = Release|Any CPU
		{7961555E-B62F-4690-B67C-DD55110870E7}.Release|x86.ActiveCfg = Release|Any CPU
		{7961555E-B62F-4690-B67C-DD55110870E7}.Release|x86.Build.0 = Release|Any CPU
		{7961555E-B62F-4690-B67C-DD55110870E7}.Release|x86.Deploy.0 = Release|Any CPU
		{7F55BF7C-9634-4EE6-9E36-329B6D3521E1}.Ad-Hoc|Any CPU.ActiveCfg = Ad-Hoc|iPhone
		{7F55BF7C-9634-4EE6-9E36-329B6D3521E1}.Ad-Hoc|Any CPU.Build.0 = Ad-Hoc|iPhone
		{7F55BF7C-9634-4EE6-9E36-329B6D3521E1}.Ad-Hoc|Any CPU.Deploy.0 = Ad-Hoc|iPhone
		{7F55BF7C-9634-4EE6-9E36-329B6D3521E1}.Ad-Hoc|ARM.ActiveCfg = Ad-Hoc|iPhone
		{7F55BF7C-9634-4EE6-9E36-329B6D3521E1}.Ad-Hoc|ARM.Build.0 = Ad-Hoc|iPhone
		{7F55BF7C-9634-4EE6-9E36-329B6D3521E1}.Ad-Hoc|ARM.Deploy.0 = Ad-Hoc|iPhone
		{7F55BF7C-9634-4EE6-9E36-329B6D3521E1}.Ad-Hoc|iPhone.ActiveCfg = Ad-Hoc|iPhone
		{7F55BF7C-9634-4EE6-9E36-329B6D3521E1}.Ad-Hoc|iPhone.Build.0 = Ad-Hoc|iPhone
		{7F55BF7C-9634-4EE6-9E36-329B6D3521E1}.Ad-Hoc|iPhone.Deploy.0 = Ad-Hoc|iPhone
		{7F55BF7C-9634-4EE6-9E36-329B6D3521E1}.Ad-Hoc|iPhoneSimulator.ActiveCfg = Ad-Hoc|iPhoneSimulator
		{7F55BF7C-9634-4EE6-9E36-329B6D3521E1}.Ad-Hoc|iPhoneSimulator.Build.0 = Ad-Hoc|iPhoneSimulator
		{7F55BF7C-9634-4EE6-9E36-329B6D3521E1}.Ad-Hoc|iPhoneSimulator.Deploy.0 = Ad-Hoc|iPhoneSimulator
		{7F55BF7C-9634-4EE6-9E36-329B6D3521E1}.Ad-Hoc|x64.ActiveCfg = Ad-Hoc|iPhone
		{7F55BF7C-9634-4EE6-9E36-329B6D3521E1}.Ad-Hoc|x64.Build.0 = Ad-Hoc|iPhone
		{7F55BF7C-9634-4EE6-9E36-329B6D3521E1}.Ad-Hoc|x64.Deploy.0 = Ad-Hoc|iPhone
		{7F55BF7C-9634-4EE6-9E36-329B6D3521E1}.Ad-Hoc|x86.ActiveCfg = Ad-Hoc|iPhone
		{7F55BF7C-9634-4EE6-9E36-329B6D3521E1}.Ad-Hoc|x86.Build.0 = Ad-Hoc|iPhone
		{7F55BF7C-9634-4EE6-9E36-329B6D3521E1}.Ad-Hoc|x86.Deploy.0 = Ad-Hoc|iPhone
		{7F55BF7C-9634-4EE6-9E36-329B6D3521E1}.AppStore|Any CPU.ActiveCfg = AppStore|iPhone
		{7F55BF7C-9634-4EE6-9E36-329B6D3521E1}.AppStore|Any CPU.Build.0 = AppStore|iPhone
		{7F55BF7C-9634-4EE6-9E36-329B6D3521E1}.AppStore|Any CPU.Deploy.0 = AppStore|iPhone
		{7F55BF7C-9634-4EE6-9E36-329B6D3521E1}.AppStore|ARM.ActiveCfg = AppStore|iPhone
		{7F55BF7C-9634-4EE6-9E36-329B6D3521E1}.AppStore|ARM.Build.0 = AppStore|iPhone
		{7F55BF7C-9634-4EE6-9E36-329B6D3521E1}.AppStore|ARM.Deploy.0 = AppStore|iPhone
		{7F55BF7C-9634-4EE6-9E36-329B6D3521E1}.AppStore|iPhone.ActiveCfg = AppStore|iPhone
		{7F55BF7C-9634-4EE6-9E36-329B6D3521E1}.AppStore|iPhone.Build.0 = AppStore|iPhone
		{7F55BF7C-9634-4EE6-9E36-329B6D3521E1}.AppStore|iPhone.Deploy.0 = AppStore|iPhone
		{7F55BF7C-9634-4EE6-9E36-329B6D3521E1}.AppStore|iPhoneSimulator.ActiveCfg = AppStore|iPhoneSimulator
		{7F55BF7C-9634-4EE6-9E36-329B6D3521E1}.AppStore|iPhoneSimulator.Build.0 = AppStore|iPhoneSimulator
		{7F55BF7C-9634-4EE6-9E36-329B6D3521E1}.AppStore|iPhoneSimulator.Deploy.0 = AppStore|iPhoneSimulator
		{7F55BF7C-9634-4EE6-9E36-329B6D3521E1}.AppStore|x64.ActiveCfg = AppStore|iPhone
		{7F55BF7C-9634-4EE6-9E36-329B6D3521E1}.AppStore|x64.Build.0 = AppStore|iPhone
		{7F55BF7C-9634-4EE6-9E36-329B6D3521E1}.AppStore|x64.Deploy.0 = AppStore|iPhone
		{7F55BF7C-9634-4EE6-9E36-329B6D3521E1}.AppStore|x86.ActiveCfg = AppStore|iPhone
		{7F55BF7C-9634-4EE6-9E36-329B6D3521E1}.AppStore|x86.Build.0 = AppStore|iPhone
		{7F55BF7C-9634-4EE6-9E36-329B6D3521E1}.AppStore|x86.Deploy.0 = AppStore|iPhone
		{7F55BF7C-9634-4EE6-9E36-329B6D3521E1}.Debug|Any CPU.ActiveCfg = Debug|iPhoneSimulator
		{7F55BF7C-9634-4EE6-9E36-329B6D3521E1}.Debug|Any CPU.Build.0 = Debug|iPhoneSimulator
		{7F55BF7C-9634-4EE6-9E36-329B6D3521E1}.Debug|Any CPU.Deploy.0 = Debug|iPhoneSimulator
		{7F55BF7C-9634-4EE6-9E36-329B6D3521E1}.Debug|ARM.ActiveCfg = Debug|iPhone
		{7F55BF7C-9634-4EE6-9E36-329B6D3521E1}.Debug|ARM.Build.0 = Debug|iPhone
		{7F55BF7C-9634-4EE6-9E36-329B6D3521E1}.Debug|ARM.Deploy.0 = Debug|iPhone
		{7F55BF7C-9634-4EE6-9E36-329B6D3521E1}.Debug|iPhone.ActiveCfg = Debug|iPhone
		{7F55BF7C-9634-4EE6-9E36-329B6D3521E1}.Debug|iPhone.Build.0 = Debug|iPhone
		{7F55BF7C-9634-4EE6-9E36-329B6D3521E1}.Debug|iPhone.Deploy.0 = Debug|iPhone
		{7F55BF7C-9634-4EE6-9E36-329B6D3521E1}.Debug|iPhoneSimulator.ActiveCfg = Debug|iPhoneSimulator
		{7F55BF7C-9634-4EE6-9E36-329B6D3521E1}.Debug|iPhoneSimulator.Build.0 = Debug|iPhoneSimulator
		{7F55BF7C-9634-4EE6-9E36-329B6D3521E1}.Debug|iPhoneSimulator.Deploy.0 = Debug|iPhoneSimulator
		{7F55BF7C-9634-4EE6-9E36-329B6D3521E1}.Debug|x64.ActiveCfg = Debug|iPhone
		{7F55BF7C-9634-4EE6-9E36-329B6D3521E1}.Debug|x64.Build.0 = Debug|iPhone
		{7F55BF7C-9634-4EE6-9E36-329B6D3521E1}.Debug|x64.Deploy.0 = Debug|iPhone
		{7F55BF7C-9634-4EE6-9E36-329B6D3521E1}.Debug|x86.ActiveCfg = Debug|iPhone
		{7F55BF7C-9634-4EE6-9E36-329B6D3521E1}.Debug|x86.Build.0 = Debug|iPhone
		{7F55BF7C-9634-4EE6-9E36-329B6D3521E1}.Debug|x86.Deploy.0 = Debug|iPhone
		{7F55BF7C-9634-4EE6-9E36-329B6D3521E1}.Release|Any CPU.ActiveCfg = Release|iPhone
		{7F55BF7C-9634-4EE6-9E36-329B6D3521E1}.Release|Any CPU.Build.0 = Release|iPhone
		{7F55BF7C-9634-4EE6-9E36-329B6D3521E1}.Release|Any CPU.Deploy.0 = Release|iPhone
		{7F55BF7C-9634-4EE6-9E36-329B6D3521E1}.Release|ARM.ActiveCfg = Release|iPhone
		{7F55BF7C-9634-4EE6-9E36-329B6D3521E1}.Release|ARM.Build.0 = Release|iPhone
		{7F55BF7C-9634-4EE6-9E36-329B6D3521E1}.Release|ARM.Deploy.0 = Release|iPhone
		{7F55BF7C-9634-4EE6-9E36-329B6D3521E1}.Release|iPhone.ActiveCfg = Release|iPhone
		{7F55BF7C-9634-4EE6-9E36-329B6D3521E1}.Release|iPhone.Build.0 = Release|iPhone
		{7F55BF7C-9634-4EE6-9E36-329B6D3521E1}.Release|iPhone.Deploy.0 = Release|iPhone
		{7F55BF7C-9634-4EE6-9E36-329B6D3521E1}.Release|iPhoneSimulator.ActiveCfg = Release|iPhoneSimulator
		{7F55BF7C-9634-4EE6-9E36-329B6D3521E1}.Release|iPhoneSimulator.Build.0 = Release|iPhoneSimulator
		{7F55BF7C-9634-4EE6-9E36-329B6D3521E1}.Release|iPhoneSimulator.Deploy.0 = Release|iPhoneSimulator
		{7F55BF7C-9634-4EE6-9E36-329B6D3521E1}.Release|x64.ActiveCfg = Release|iPhone
		{7F55BF7C-9634-4EE6-9E36-329B6D3521E1}.Release|x64.Build.0 = Release|iPhone
		{7F55BF7C-9634-4EE6-9E36-329B6D3521E1}.Release|x64.Deploy.0 = Release|iPhone
		{7F55BF7C-9634-4EE6-9E36-329B6D3521E1}.Release|x86.ActiveCfg = Release|iPhone
		{7F55BF7C-9634-4EE6-9E36-329B6D3521E1}.Release|x86.Build.0 = Release|iPhone
		{7F55BF7C-9634-4EE6-9E36-329B6D3521E1}.Release|x86.Deploy.0 = Release|iPhone
		{A120AF07-0F5B-4E7F-AB16-AD5D08E24E67}.Ad-Hoc|Any CPU.ActiveCfg = Release|x86
		{A120AF07-0F5B-4E7F-AB16-AD5D08E24E67}.Ad-Hoc|Any CPU.Build.0 = Release|x86
		{A120AF07-0F5B-4E7F-AB16-AD5D08E24E67}.Ad-Hoc|Any CPU.Deploy.0 = Release|x86
		{A120AF07-0F5B-4E7F-AB16-AD5D08E24E67}.Ad-Hoc|ARM.ActiveCfg = Release|ARM
		{A120AF07-0F5B-4E7F-AB16-AD5D08E24E67}.Ad-Hoc|ARM.Build.0 = Release|ARM
		{A120AF07-0F5B-4E7F-AB16-AD5D08E24E67}.Ad-Hoc|ARM.Deploy.0 = Release|ARM
		{A120AF07-0F5B-4E7F-AB16-AD5D08E24E67}.Ad-Hoc|iPhone.ActiveCfg = Release|x86
		{A120AF07-0F5B-4E7F-AB16-AD5D08E24E67}.Ad-Hoc|iPhone.Build.0 = Release|x86
		{A120AF07-0F5B-4E7F-AB16-AD5D08E24E67}.Ad-Hoc|iPhone.Deploy.0 = Release|x86
		{A120AF07-0F5B-4E7F-AB16-AD5D08E24E67}.Ad-Hoc|iPhoneSimulator.ActiveCfg = Release|x86
		{A120AF07-0F5B-4E7F-AB16-AD5D08E24E67}.Ad-Hoc|iPhoneSimulator.Build.0 = Release|x86
		{A120AF07-0F5B-4E7F-AB16-AD5D08E24E67}.Ad-Hoc|iPhoneSimulator.Deploy.0 = Release|x86
		{A120AF07-0F5B-4E7F-AB16-AD5D08E24E67}.Ad-Hoc|x64.ActiveCfg = Release|x64
		{A120AF07-0F5B-4E7F-AB16-AD5D08E24E67}.Ad-Hoc|x64.Build.0 = Release|x64
		{A120AF07-0F5B-4E7F-AB16-AD5D08E24E67}.Ad-Hoc|x64.Deploy.0 = Release|x64
		{A120AF07-0F5B-4E7F-AB16-AD5D08E24E67}.Ad-Hoc|x86.ActiveCfg = Release|x86
		{A120AF07-0F5B-4E7F-AB16-AD5D08E24E67}.Ad-Hoc|x86.Build.0 = Release|x86
		{A120AF07-0F5B-4E7F-AB16-AD5D08E24E67}.Ad-Hoc|x86.Deploy.0 = Release|x86
		{A120AF07-0F5B-4E7F-AB16-AD5D08E24E67}.AppStore|Any CPU.ActiveCfg = Release|x86
		{A120AF07-0F5B-4E7F-AB16-AD5D08E24E67}.AppStore|Any CPU.Build.0 = Release|x86
		{A120AF07-0F5B-4E7F-AB16-AD5D08E24E67}.AppStore|Any CPU.Deploy.0 = Release|x86
		{A120AF07-0F5B-4E7F-AB16-AD5D08E24E67}.AppStore|ARM.ActiveCfg = Release|ARM
		{A120AF07-0F5B-4E7F-AB16-AD5D08E24E67}.AppStore|ARM.Build.0 = Release|ARM
		{A120AF07-0F5B-4E7F-AB16-AD5D08E24E67}.AppStore|ARM.Deploy.0 = Release|ARM
		{A120AF07-0F5B-4E7F-AB16-AD5D08E24E67}.AppStore|iPhone.ActiveCfg = Release|x86
		{A120AF07-0F5B-4E7F-AB16-AD5D08E24E67}.AppStore|iPhone.Build.0 = Release|x86
		{A120AF07-0F5B-4E7F-AB16-AD5D08E24E67}.AppStore|iPhone.Deploy.0 = Release|x86
		{A120AF07-0F5B-4E7F-AB16-AD5D08E24E67}.AppStore|iPhoneSimulator.ActiveCfg = Release|x86
		{A120AF07-0F5B-4E7F-AB16-AD5D08E24E67}.AppStore|iPhoneSimulator.Build.0 = Release|x86
		{A120AF07-0F5B-4E7F-AB16-AD5D08E24E67}.AppStore|iPhoneSimulator.Deploy.0 = Release|x86
		{A120AF07-0F5B-4E7F-AB16-AD5D08E24E67}.AppStore|x64.ActiveCfg = Release|x64
		{A120AF07-0F5B-4E7F-AB16-AD5D08E24E67}.AppStore|x64.Build.0 = Release|x64
		{A120AF07-0F5B-4E7F-AB16-AD5D08E24E67}.AppStore|x64.Deploy.0 = Release|x64
		{A120AF07-0F5B-4E7F-AB16-AD5D08E24E67}.AppStore|x86.ActiveCfg = Release|x86
		{A120AF07-0F5B-4E7F-AB16-AD5D08E24E67}.AppStore|x86.Build.0 = Release|x86
		{A120AF07-0F5B-4E7F-AB16-AD5D08E24E67}.AppStore|x86.Deploy.0 = Release|x86
		{A120AF07-0F5B-4E7F-AB16-AD5D08E24E67}.Debug|Any CPU.ActiveCfg = Debug|x86
		{A120AF07-0F5B-4E7F-AB16-AD5D08E24E67}.Debug|Any CPU.Build.0 = Debug|x86
		{A120AF07-0F5B-4E7F-AB16-AD5D08E24E67}.Debug|Any CPU.Deploy.0 = Debug|x86
		{A120AF07-0F5B-4E7F-AB16-AD5D08E24E67}.Debug|ARM.ActiveCfg = Debug|ARM
		{A120AF07-0F5B-4E7F-AB16-AD5D08E24E67}.Debug|ARM.Build.0 = Debug|ARM
		{A120AF07-0F5B-4E7F-AB16-AD5D08E24E67}.Debug|ARM.Deploy.0 = Debug|ARM
		{A120AF07-0F5B-4E7F-AB16-AD5D08E24E67}.Debug|iPhone.ActiveCfg = Debug|x86
		{A120AF07-0F5B-4E7F-AB16-AD5D08E24E67}.Debug|iPhone.Build.0 = Debug|x86
		{A120AF07-0F5B-4E7F-AB16-AD5D08E24E67}.Debug|iPhone.Deploy.0 = Debug|x86
		{A120AF07-0F5B-4E7F-AB16-AD5D08E24E67}.Debug|iPhoneSimulator.ActiveCfg = Debug|x86
		{A120AF07-0F5B-4E7F-AB16-AD5D08E24E67}.Debug|iPhoneSimulator.Build.0 = Debug|x86
		{A120AF07-0F5B-4E7F-AB16-AD5D08E24E67}.Debug|iPhoneSimulator.Deploy.0 = Debug|x86
		{A120AF07-0F5B-4E7F-AB16-AD5D08E24E67}.Debug|x64.ActiveCfg = Debug|x64
		{A120AF07-0F5B-4E7F-AB16-AD5D08E24E67}.Debug|x64.Build.0 = Debug|x64
		{A120AF07-0F5B-4E7F-AB16-AD5D08E24E67}.Debug|x64.Deploy.0 = Debug|x64
		{A120AF07-0F5B-4E7F-AB16-AD5D08E24E67}.Debug|x86.ActiveCfg = Debug|x86
		{A120AF07-0F5B-4E7F-AB16-AD5D08E24E67}.Debug|x86.Build.0 = Debug|x86
		{A120AF07-0F5B-4E7F-AB16-AD5D08E24E67}.Debug|x86.Deploy.0 = Debug|x86
		{A120AF07-0F5B-4E7F-AB16-AD5D08E24E67}.Release|Any CPU.ActiveCfg = Release|x86
		{A120AF07-0F5B-4E7F-AB16-AD5D08E24E67}.Release|Any CPU.Build.0 = Release|x86
		{A120AF07-0F5B-4E7F-AB16-AD5D08E24E67}.Release|Any CPU.Deploy.0 = Release|x86
		{A120AF07-0F5B-4E7F-AB16-AD5D08E24E67}.Release|ARM.ActiveCfg = Release|ARM
		{A120AF07-0F5B-4E7F-AB16-AD5D08E24E67}.Release|ARM.Build.0 = Release|ARM
		{A120AF07-0F5B-4E7F-AB16-AD5D08E24E67}.Release|ARM.Deploy.0 = Release|ARM
		{A120AF07-0F5B-4E7F-AB16-AD5D08E24E67}.Release|iPhone.ActiveCfg = Release|x86
		{A120AF07-0F5B-4E7F-AB16-AD5D08E24E67}.Release|iPhone.Build.0 = Release|x86
		{A120AF07-0F5B-4E7F-AB16-AD5D08E24E67}.Release|iPhone.Deploy.0 = Release|x86
		{A120AF07-0F5B-4E7F-AB16-AD5D08E24E67}.Release|iPhoneSimulator.ActiveCfg = Release|x86
		{A120AF07-0F5B-4E7F-AB16-AD5D08E24E67}.Release|iPhoneSimulator.Build.0 = Release|x86
		{A120AF07-0F5B-4E7F-AB16-AD5D08E24E67}.Release|iPhoneSimulator.Deploy.0 = Release|x86
		{A120AF07-0F5B-4E7F-AB16-AD5D08E24E67}.Release|x64.ActiveCfg = Release|x64
		{A120AF07-0F5B-4E7F-AB16-AD5D08E24E67}.Release|x64.Build.0 = Release|x64
		{A120AF07-0F5B-4E7F-AB16-AD5D08E24E67}.Release|x64.Deploy.0 = Release|x64
		{A120AF07-0F5B-4E7F-AB16-AD5D08E24E67}.Release|x86.ActiveCfg = Release|x86
		{A120AF07-0F5B-4E7F-AB16-AD5D08E24E67}.Release|x86.Build.0 = Release|x86
		{A120AF07-0F5B-4E7F-AB16-AD5D08E24E67}.Release|x86.Deploy.0 = Release|x86
		{333CDC2E-54D7-412D-9056-7F4366096F8C}.Ad-Hoc|Any CPU.ActiveCfg = Debug|Any CPU
		{333CDC2E-54D7-412D-9056-7F4366096F8C}.Ad-Hoc|Any CPU.Build.0 = Debug|Any CPU
		{333CDC2E-54D7-412D-9056-7F4366096F8C}.Ad-Hoc|Any CPU.Deploy.0 = Debug|Any CPU
		{333CDC2E-54D7-412D-9056-7F4366096F8C}.Ad-Hoc|ARM.ActiveCfg = Debug|Any CPU
		{333CDC2E-54D7-412D-9056-7F4366096F8C}.Ad-Hoc|ARM.Build.0 = Debug|Any CPU
		{333CDC2E-54D7-412D-9056-7F4366096F8C}.Ad-Hoc|ARM.Deploy.0 = Debug|Any CPU
		{333CDC2E-54D7-412D-9056-7F4366096F8C}.Ad-Hoc|iPhone.ActiveCfg = Debug|Any CPU
		{333CDC2E-54D7-412D-9056-7F4366096F8C}.Ad-Hoc|iPhone.Build.0 = Debug|Any CPU
		{333CDC2E-54D7-412D-9056-7F4366096F8C}.Ad-Hoc|iPhone.Deploy.0 = Debug|Any CPU
		{333CDC2E-54D7-412D-9056-7F4366096F8C}.Ad-Hoc|iPhoneSimulator.ActiveCfg = Debug|Any CPU
		{333CDC2E-54D7-412D-9056-7F4366096F8C}.Ad-Hoc|iPhoneSimulator.Build.0 = Debug|Any CPU
		{333CDC2E-54D7-412D-9056-7F4366096F8C}.Ad-Hoc|iPhoneSimulator.Deploy.0 = Debug|Any CPU
		{333CDC2E-54D7-412D-9056-7F4366096F8C}.Ad-Hoc|x64.ActiveCfg = Debug|Any CPU
		{333CDC2E-54D7-412D-9056-7F4366096F8C}.Ad-Hoc|x64.Build.0 = Debug|Any CPU
		{333CDC2E-54D7-412D-9056-7F4366096F8C}.Ad-Hoc|x64.Deploy.0 = Debug|Any CPU
		{333CDC2E-54D7-412D-9056-7F4366096F8C}.Ad-Hoc|x86.ActiveCfg = Debug|Any CPU
		{333CDC2E-54D7-412D-9056-7F4366096F8C}.Ad-Hoc|x86.Build.0 = Debug|Any CPU
		{333CDC2E-54D7-412D-9056-7F4366096F8C}.Ad-Hoc|x86.Deploy.0 = Debug|Any CPU
		{333CDC2E-54D7-412D-9056-7F4366096F8C}.AppStore|Any CPU.ActiveCfg = Debug|Any CPU
		{333CDC2E-54D7-412D-9056-7F4366096F8C}.AppStore|Any CPU.Build.0 = Debug|Any CPU
		{333CDC2E-54D7-412D-9056-7F4366096F8C}.AppStore|Any CPU.Deploy.0 = Debug|Any CPU
		{333CDC2E-54D7-412D-9056-7F4366096F8C}.AppStore|ARM.ActiveCfg = Debug|Any CPU
		{333CDC2E-54D7-412D-9056-7F4366096F8C}.AppStore|ARM.Build.0 = Debug|Any CPU
		{333CDC2E-54D7-412D-9056-7F4366096F8C}.AppStore|ARM.Deploy.0 = Debug|Any CPU
		{333CDC2E-54D7-412D-9056-7F4366096F8C}.AppStore|iPhone.ActiveCfg = Debug|Any CPU
		{333CDC2E-54D7-412D-9056-7F4366096F8C}.AppStore|iPhone.Build.0 = Debug|Any CPU
		{333CDC2E-54D7-412D-9056-7F4366096F8C}.AppStore|iPhone.Deploy.0 = Debug|Any CPU
		{333CDC2E-54D7-412D-9056-7F4366096F8C}.AppStore|iPhoneSimulator.ActiveCfg = Debug|Any CPU
		{333CDC2E-54D7-412D-9056-7F4366096F8C}.AppStore|iPhoneSimulator.Build.0 = Debug|Any CPU
		{333CDC2E-54D7-412D-9056-7F4366096F8C}.AppStore|iPhoneSimulator.Deploy.0 = Debug|Any CPU
		{333CDC2E-54D7-412D-9056-7F4366096F8C}.AppStore|x64.ActiveCfg = Debug|Any CPU
		{333CDC2E-54D7-412D-9056-7F4366096F8C}.AppStore|x64.Build.0 = Debug|Any CPU
		{333CDC2E-54D7-412D-9056-7F4366096F8C}.AppStore|x64.Deploy.0 = Debug|Any CPU
		{333CDC2E-54D7-412D-9056-7F4366096F8C}.AppStore|x86.ActiveCfg = Debug|Any CPU
		{333CDC2E-54D7-412D-9056-7F4366096F8C}.AppStore|x86.Build.0 = Debug|Any CPU
		{333CDC2E-54D7-412D-9056-7F4366096F8C}.AppStore|x86.Deploy.0 = Debug|Any CPU
		{333CDC2E-54D7-412D-9056-7F4366096F8C}.Debug|Any CPU.ActiveCfg = Debug|Any CPU
		{333CDC2E-54D7-412D-9056-7F4366096F8C}.Debug|Any CPU.Build.0 = Debug|Any CPU
		{333CDC2E-54D7-412D-9056-7F4366096F8C}.Debug|Any CPU.Deploy.0 = Debug|Any CPU
		{333CDC2E-54D7-412D-9056-7F4366096F8C}.Debug|ARM.ActiveCfg = Debug|Any CPU
		{333CDC2E-54D7-412D-9056-7F4366096F8C}.Debug|ARM.Build.0 = Debug|Any CPU
		{333CDC2E-54D7-412D-9056-7F4366096F8C}.Debug|ARM.Deploy.0 = Debug|Any CPU
		{333CDC2E-54D7-412D-9056-7F4366096F8C}.Debug|iPhone.ActiveCfg = Debug|Any CPU
		{333CDC2E-54D7-412D-9056-7F4366096F8C}.Debug|iPhone.Build.0 = Debug|Any CPU
		{333CDC2E-54D7-412D-9056-7F4366096F8C}.Debug|iPhone.Deploy.0 = Debug|Any CPU
		{333CDC2E-54D7-412D-9056-7F4366096F8C}.Debug|iPhoneSimulator.ActiveCfg = Debug|Any CPU
		{333CDC2E-54D7-412D-9056-7F4366096F8C}.Debug|iPhoneSimulator.Build.0 = Debug|Any CPU
		{333CDC2E-54D7-412D-9056-7F4366096F8C}.Debug|iPhoneSimulator.Deploy.0 = Debug|Any CPU
		{333CDC2E-54D7-412D-9056-7F4366096F8C}.Debug|x64.ActiveCfg = Debug|Any CPU
		{333CDC2E-54D7-412D-9056-7F4366096F8C}.Debug|x64.Build.0 = Debug|Any CPU
		{333CDC2E-54D7-412D-9056-7F4366096F8C}.Debug|x64.Deploy.0 = Debug|Any CPU
		{333CDC2E-54D7-412D-9056-7F4366096F8C}.Debug|x86.ActiveCfg = Debug|Any CPU
		{333CDC2E-54D7-412D-9056-7F4366096F8C}.Debug|x86.Build.0 = Debug|Any CPU
		{333CDC2E-54D7-412D-9056-7F4366096F8C}.Debug|x86.Deploy.0 = Debug|Any CPU
		{333CDC2E-54D7-412D-9056-7F4366096F8C}.Release|Any CPU.ActiveCfg = Release|Any CPU
		{333CDC2E-54D7-412D-9056-7F4366096F8C}.Release|Any CPU.Build.0 = Release|Any CPU
		{333CDC2E-54D7-412D-9056-7F4366096F8C}.Release|Any CPU.Deploy.0 = Release|Any CPU
		{333CDC2E-54D7-412D-9056-7F4366096F8C}.Release|ARM.ActiveCfg = Release|Any CPU
		{333CDC2E-54D7-412D-9056-7F4366096F8C}.Release|ARM.Build.0 = Release|Any CPU
		{333CDC2E-54D7-412D-9056-7F4366096F8C}.Release|ARM.Deploy.0 = Release|Any CPU
		{333CDC2E-54D7-412D-9056-7F4366096F8C}.Release|iPhone.ActiveCfg = Release|Any CPU
		{333CDC2E-54D7-412D-9056-7F4366096F8C}.Release|iPhone.Build.0 = Release|Any CPU
		{333CDC2E-54D7-412D-9056-7F4366096F8C}.Release|iPhone.Deploy.0 = Release|Any CPU
		{333CDC2E-54D7-412D-9056-7F4366096F8C}.Release|iPhoneSimulator.ActiveCfg = Release|Any CPU
		{333CDC2E-54D7-412D-9056-7F4366096F8C}.Release|iPhoneSimulator.Build.0 = Release|Any CPU
		{333CDC2E-54D7-412D-9056-7F4366096F8C}.Release|iPhoneSimulator.Deploy.0 = Release|Any CPU
		{333CDC2E-54D7-412D-9056-7F4366096F8C}.Release|x64.ActiveCfg = Release|Any CPU
		{333CDC2E-54D7-412D-9056-7F4366096F8C}.Release|x64.Build.0 = Release|Any CPU
		{333CDC2E-54D7-412D-9056-7F4366096F8C}.Release|x64.Deploy.0 = Release|Any CPU
		{333CDC2E-54D7-412D-9056-7F4366096F8C}.Release|x86.ActiveCfg = Release|Any CPU
		{333CDC2E-54D7-412D-9056-7F4366096F8C}.Release|x86.Build.0 = Release|Any CPU
		{333CDC2E-54D7-412D-9056-7F4366096F8C}.Release|x86.Deploy.0 = Release|Any CPU
	EndGlobalSection
	GlobalSection(SolutionProperties) = preSolution
		HideSolutionNode = FALSE
	EndGlobalSection
	GlobalSection(ExtensibilityGlobals) = postSolution
		SolutionGuid = {4C48F56D-0918-4415-B539-24EB8F02FDE1}
	EndGlobalSection
EndGlobal
